
Microsoft Visual Studio Solution File, Format Version 12.00
# Visual Studio 15
VisualStudioVersion = 15.0.26206.0
MinimumVisualStudioVersion = 10.0.40219.1
Project("{2150E333-8FDC-42A3-9474-1A3956D46DE8}") = "Toolset", "Toolset", "{170C72EE-1298-4993-9B91-708AE38F08B7}"
EndProject
Project("{9A19103F-16F7-4668-BE54-9A1E7A4F7556}") = "Ximo", "Toolset\Ximo\Ximo.csproj", "{65735902-6380-4575-8050-BEB9525958EA}"
EndProject
Project("{2150E333-8FDC-42A3-9474-1A3956D46DE8}") = "Sample", "Sample", "{54620DAB-BABE-41D6-8464-2A53E11026A9}"
EndProject
Project("{FAE04EC0-301F-11D3-BF4B-00C04F79EFBC}") = "Ximo.Ef", "Toolset\Ximo.Ef\Ximo.Ef.csproj", "{D3E89CE2-8451-47A1-9E1D-8DED6BF39ED6}"
EndProject
Project("{2150E333-8FDC-42A3-9474-1A3956D46DE8}") = "Database", "Database", "{D0C03249-BD28-439F-AE7C-64E84FC79ADC}"
EndProject
Project("{00D1A9C2-B5F0-4AF3-8072-F6C62B433612}") = "XimoSampleDb", "Sample\Database\XimoSampleDb\XimoSampleDb.sqlproj", "{1A0D25A5-12F2-42EE-A473-5A22CA701D1E}"
EndProject
Project("{2150E333-8FDC-42A3-9474-1A3956D46DE8}") = "Write", "Write", "{E031B56F-F4ED-438B-AEB4-5D70D8CA1CBF}"
EndProject
Project("{2150E333-8FDC-42A3-9474-1A3956D46DE8}") = "Read", "Read", "{34B32FD1-9515-4429-93E9-18D5A8B37EEF}"
EndProject
Project("{2150E333-8FDC-42A3-9474-1A3956D46DE8}") = "Contracts", "Contracts", "{929C253B-4E46-434F-9E5A-9EF48DD79B55}"
EndProject
Project("{FAE04EC0-301F-11D3-BF4B-00C04F79EFBC}") = "Sample.DomainEvents", "Sample\Contracts\Sample.DomainEvents\Sample.DomainEvents.csproj", "{CC1CBF61-7418-41C5-A06C-BBE84A4468AB}"
EndProject
Project("{FAE04EC0-301F-11D3-BF4B-00C04F79EFBC}") = "Sample.Queries", "Sample\Contracts\Sample.Queries\Sample.Queries.csproj", "{BBDB08C8-636C-4B0C-98E3-27FB97225F16}"
EndProject
Project("{FAE04EC0-301F-11D3-BF4B-00C04F79EFBC}") = "Sample.Commands", "Sample\Contracts\Sample.Commands\Sample.Commands.csproj", "{32B54757-C363-43D2-87CB-EFC6AD79F321}"
EndProject
Project("{FAE04EC0-301F-11D3-BF4B-00C04F79EFBC}") = "Sample.Domain", "Sample\Write\Sample.Domain\Sample.Domain.csproj", "{69D0BD91-6FA8-4F15-94B4-869060A26025}"
EndProject
Project("{FAE04EC0-301F-11D3-BF4B-00C04F79EFBC}") = "Sample.Domain.Data", "Sample\Write\Sample.Domain.Data\Sample.Domain.Data.csproj", "{A08846D0-D2D1-4624-87FC-9A58AE4D9B1A}"
EndProject
Project("{FAE04EC0-301F-11D3-BF4B-00C04F79EFBC}") = "Sample.ReadModel", "Sample\Read\Sample.ReadModel\Sample.ReadModel.csproj", "{51A4DCC6-EC14-4614-928D-6E8171F762B8}"
EndProject
Project("{FAE04EC0-301F-11D3-BF4B-00C04F79EFBC}") = "SampleRunner", "Sample\SampleRunner\SampleRunner.csproj", "{F05923C6-D47B-4986-A39D-6C49D68BECD3}"
EndProject
Global
	GlobalSection(SolutionConfigurationPlatforms) = preSolution
		Debug|Any CPU = Debug|Any CPU
		Debug|x64 = Debug|x64
		Debug|x86 = Debug|x86
		Release|Any CPU = Release|Any CPU
		Release|x64 = Release|x64
		Release|x86 = Release|x86
	EndGlobalSection
	GlobalSection(ProjectConfigurationPlatforms) = postSolution
		{65735902-6380-4575-8050-BEB9525958EA}.Debug|Any CPU.ActiveCfg = Debug|Any CPU
		{65735902-6380-4575-8050-BEB9525958EA}.Debug|Any CPU.Build.0 = Debug|Any CPU
		{65735902-6380-4575-8050-BEB9525958EA}.Debug|x64.ActiveCfg = Debug|x64
		{65735902-6380-4575-8050-BEB9525958EA}.Debug|x64.Build.0 = Debug|x64
		{65735902-6380-4575-8050-BEB9525958EA}.Debug|x86.ActiveCfg = Debug|x86
		{65735902-6380-4575-8050-BEB9525958EA}.Debug|x86.Build.0 = Debug|x86
		{65735902-6380-4575-8050-BEB9525958EA}.Release|Any CPU.ActiveCfg = Release|Any CPU
		{65735902-6380-4575-8050-BEB9525958EA}.Release|Any CPU.Build.0 = Release|Any CPU
		{65735902-6380-4575-8050-BEB9525958EA}.Release|x64.ActiveCfg = Release|x64
		{65735902-6380-4575-8050-BEB9525958EA}.Release|x64.Build.0 = Release|x64
		{65735902-6380-4575-8050-BEB9525958EA}.Release|x86.ActiveCfg = Release|x86
		{65735902-6380-4575-8050-BEB9525958EA}.Release|x86.Build.0 = Release|x86
		{D3E89CE2-8451-47A1-9E1D-8DED6BF39ED6}.Debug|Any CPU.ActiveCfg = Debug|Any CPU
		{D3E89CE2-8451-47A1-9E1D-8DED6BF39ED6}.Debug|Any CPU.Build.0 = Debug|Any CPU
		{D3E89CE2-8451-47A1-9E1D-8DED6BF39ED6}.Debug|x64.ActiveCfg = Debug|x64
		{D3E89CE2-8451-47A1-9E1D-8DED6BF39ED6}.Debug|x64.Build.0 = Debug|x64
		{D3E89CE2-8451-47A1-9E1D-8DED6BF39ED6}.Debug|x86.ActiveCfg = Debug|x86
		{D3E89CE2-8451-47A1-9E1D-8DED6BF39ED6}.Debug|x86.Build.0 = Debug|x86
		{D3E89CE2-8451-47A1-9E1D-8DED6BF39ED6}.Release|Any CPU.ActiveCfg = Release|Any CPU
		{D3E89CE2-8451-47A1-9E1D-8DED6BF39ED6}.Release|Any CPU.Build.0 = Release|Any CPU
		{D3E89CE2-8451-47A1-9E1D-8DED6BF39ED6}.Release|x64.ActiveCfg = Release|x64
		{D3E89CE2-8451-47A1-9E1D-8DED6BF39ED6}.Release|x64.Build.0 = Release|x64
		{D3E89CE2-8451-47A1-9E1D-8DED6BF39ED6}.Release|x86.ActiveCfg = Release|x86
		{D3E89CE2-8451-47A1-9E1D-8DED6BF39ED6}.Release|x86.Build.0 = Release|x86
		{1A0D25A5-12F2-42EE-A473-5A22CA701D1E}.Debug|Any CPU.ActiveCfg = Debug|Any CPU
		{1A0D25A5-12F2-42EE-A473-5A22CA701D1E}.Debug|Any CPU.Build.0 = Debug|Any CPU
		{1A0D25A5-12F2-42EE-A473-5A22CA701D1E}.Debug|Any CPU.Deploy.0 = Debug|Any CPU
		{1A0D25A5-12F2-42EE-A473-5A22CA701D1E}.Debug|x64.ActiveCfg = Debug|Any CPU
		{1A0D25A5-12F2-42EE-A473-5A22CA701D1E}.Debug|x64.Build.0 = Debug|Any CPU
		{1A0D25A5-12F2-42EE-A473-5A22CA701D1E}.Debug|x64.Deploy.0 = Debug|Any CPU
		{1A0D25A5-12F2-42EE-A473-5A22CA701D1E}.Debug|x86.ActiveCfg = Debug|Any CPU
		{1A0D25A5-12F2-42EE-A473-5A22CA701D1E}.Debug|x86.Build.0 = Debug|Any CPU
		{1A0D25A5-12F2-42EE-A473-5A22CA701D1E}.Debug|x86.Deploy.0 = Debug|Any CPU
		{1A0D25A5-12F2-42EE-A473-5A22CA701D1E}.Release|Any CPU.ActiveCfg = Release|Any CPU
		{1A0D25A5-12F2-42EE-A473-5A22CA701D1E}.Release|Any CPU.Build.0 = Release|Any CPU
		{1A0D25A5-12F2-42EE-A473-5A22CA701D1E}.Release|Any CPU.Deploy.0 = Release|Any CPU
		{1A0D25A5-12F2-42EE-A473-5A22CA701D1E}.Release|x64.ActiveCfg = Release|Any CPU
		{1A0D25A5-12F2-42EE-A473-5A22CA701D1E}.Release|x64.Build.0 = Release|Any CPU
		{1A0D25A5-12F2-42EE-A473-5A22CA701D1E}.Release|x64.Deploy.0 = Release|Any CPU
		{1A0D25A5-12F2-42EE-A473-5A22CA701D1E}.Release|x86.ActiveCfg = Release|Any CPU
		{1A0D25A5-12F2-42EE-A473-5A22CA701D1E}.Release|x86.Build.0 = Release|Any CPU
		{1A0D25A5-12F2-42EE-A473-5A22CA701D1E}.Release|x86.Deploy.0 = Release|Any CPU
		{CC1CBF61-7418-41C5-A06C-BBE84A4468AB}.Debug|Any CPU.ActiveCfg = Debug|Any CPU
		{CC1CBF61-7418-41C5-A06C-BBE84A4468AB}.Debug|Any CPU.Build.0 = Debug|Any CPU
		{CC1CBF61-7418-41C5-A06C-BBE84A4468AB}.Debug|x64.ActiveCfg = Debug|x64
		{CC1CBF61-7418-41C5-A06C-BBE84A4468AB}.Debug|x64.Build.0 = Debug|x64
		{CC1CBF61-7418-41C5-A06C-BBE84A4468AB}.Debug|x86.ActiveCfg = Debug|x86
		{CC1CBF61-7418-41C5-A06C-BBE84A4468AB}.Debug|x86.Build.0 = Debug|x86
		{CC1CBF61-7418-41C5-A06C-BBE84A4468AB}.Release|Any CPU.ActiveCfg = Release|Any CPU
		{CC1CBF61-7418-41C5-A06C-BBE84A4468AB}.Release|Any CPU.Build.0 = Release|Any CPU
		{CC1CBF61-7418-41C5-A06C-BBE84A4468AB}.Release|x64.ActiveCfg = Release|x64
		{CC1CBF61-7418-41C5-A06C-BBE84A4468AB}.Release|x64.Build.0 = Release|x64
		{CC1CBF61-7418-41C5-A06C-BBE84A4468AB}.Release|x86.ActiveCfg = Release|x86
		{CC1CBF61-7418-41C5-A06C-BBE84A4468AB}.Release|x86.Build.0 = Release|x86
		{BBDB08C8-636C-4B0C-98E3-27FB97225F16}.Debug|Any CPU.ActiveCfg = Debug|Any CPU
		{BBDB08C8-636C-4B0C-98E3-27FB97225F16}.Debug|Any CPU.Build.0 = Debug|Any CPU
		{BBDB08C8-636C-4B0C-98E3-27FB97225F16}.Debug|x64.ActiveCfg = Debug|x64
		{BBDB08C8-636C-4B0C-98E3-27FB97225F16}.Debug|x64.Build.0 = Debug|x64
		{BBDB08C8-636C-4B0C-98E3-27FB97225F16}.Debug|x86.ActiveCfg = Debug|x86
		{BBDB08C8-636C-4B0C-98E3-27FB97225F16}.Debug|x86.Build.0 = Debug|x86
		{BBDB08C8-636C-4B0C-98E3-27FB97225F16}.Release|Any CPU.ActiveCfg = Release|Any CPU
		{BBDB08C8-636C-4B0C-98E3-27FB97225F16}.Release|Any CPU.Build.0 = Release|Any CPU
		{BBDB08C8-636C-4B0C-98E3-27FB97225F16}.Release|x64.ActiveCfg = Release|x64
		{BBDB08C8-636C-4B0C-98E3-27FB97225F16}.Release|x64.Build.0 = Release|x64
		{BBDB08C8-636C-4B0C-98E3-27FB97225F16}.Release|x86.ActiveCfg = Release|x86
		{BBDB08C8-636C-4B0C-98E3-27FB97225F16}.Release|x86.Build.0 = Release|x86
		{32B54757-C363-43D2-87CB-EFC6AD79F321}.Debug|Any CPU.ActiveCfg = Debug|Any CPU
		{32B54757-C363-43D2-87CB-EFC6AD79F321}.Debug|Any CPU.Build.0 = Debug|Any CPU
		{32B54757-C363-43D2-87CB-EFC6AD79F321}.Debug|x64.ActiveCfg = Debug|x64
		{32B54757-C363-43D2-87CB-EFC6AD79F321}.Debug|x64.Build.0 = Debug|x64
		{32B54757-C363-43D2-87CB-EFC6AD79F321}.Debug|x86.ActiveCfg = Debug|x86
		{32B54757-C363-43D2-87CB-EFC6AD79F321}.Debug|x86.Build.0 = Debug|x86
		{32B54757-C363-43D2-87CB-EFC6AD79F321}.Release|Any CPU.ActiveCfg = Release|Any CPU
		{32B54757-C363-43D2-87CB-EFC6AD79F321}.Release|Any CPU.Build.0 = Release|Any CPU
		{32B54757-C363-43D2-87CB-EFC6AD79F321}.Release|x64.ActiveCfg = Release|x64
		{32B54757-C363-43D2-87CB-EFC6AD79F321}.Release|x64.Build.0 = Release|x64
		{32B54757-C363-43D2-87CB-EFC6AD79F321}.Release|x86.ActiveCfg = Release|x86
		{32B54757-C363-43D2-87CB-EFC6AD79F321}.Release|x86.Build.0 = Release|x86
		{69D0BD91-6FA8-4F15-94B4-869060A26025}.Debug|Any CPU.ActiveCfg = Debug|Any CPU
		{69D0BD91-6FA8-4F15-94B4-869060A26025}.Debug|Any CPU.Build.0 = Debug|Any CPU
		{69D0BD91-6FA8-4F15-94B4-869060A26025}.Debug|x64.ActiveCfg = Debug|x64
		{69D0BD91-6FA8-4F15-94B4-869060A26025}.Debug|x64.Build.0 = Debug|x64
		{69D0BD91-6FA8-4F15-94B4-869060A26025}.Debug|x86.ActiveCfg = Debug|x86
		{69D0BD91-6FA8-4F15-94B4-869060A26025}.Debug|x86.Build.0 = Debug|x86
		{69D0BD91-6FA8-4F15-94B4-869060A26025}.Release|Any CPU.ActiveCfg = Release|Any CPU
		{69D0BD91-6FA8-4F15-94B4-869060A26025}.Release|Any CPU.Build.0 = Release|Any CPU
		{69D0BD91-6FA8-4F15-94B4-869060A26025}.Release|x64.ActiveCfg = Release|x64
		{69D0BD91-6FA8-4F15-94B4-869060A26025}.Release|x64.Build.0 = Release|x64
		{69D0BD91-6FA8-4F15-94B4-869060A26025}.Release|x86.ActiveCfg = Release|x86
		{69D0BD91-6FA8-4F15-94B4-869060A26025}.Release|x86.Build.0 = Release|x86
		{A08846D0-D2D1-4624-87FC-9A58AE4D9B1A}.Debug|Any CPU.ActiveCfg = Debug|Any CPU
		{A08846D0-D2D1-4624-87FC-9A58AE4D9B1A}.Debug|Any CPU.Build.0 = Debug|Any CPU
		{A08846D0-D2D1-4624-87FC-9A58AE4D9B1A}.Debug|x64.ActiveCfg = Debug|x64
		{A08846D0-D2D1-4624-87FC-9A58AE4D9B1A}.Debug|x64.Build.0 = Debug|x64
		{A08846D0-D2D1-4624-87FC-9A58AE4D9B1A}.Debug|x86.ActiveCfg = Debug|x86
		{A08846D0-D2D1-4624-87FC-9A58AE4D9B1A}.Debug|x86.Build.0 = Debug|x86
		{A08846D0-D2D1-4624-87FC-9A58AE4D9B1A}.Release|Any CPU.ActiveCfg = Release|Any CPU
		{A08846D0-D2D1-4624-87FC-9A58AE4D9B1A}.Release|Any CPU.Build.0 = Release|Any CPU
		{A08846D0-D2D1-4624-87FC-9A58AE4D9B1A}.Release|x64.ActiveCfg = Release|x64
		{A08846D0-D2D1-4624-87FC-9A58AE4D9B1A}.Release|x64.Build.0 = Release|x64
		{A08846D0-D2D1-4624-87FC-9A58AE4D9B1A}.Release|x86.ActiveCfg = Release|x86
		{A08846D0-D2D1-4624-87FC-9A58AE4D9B1A}.Release|x86.Build.0 = Release|x86
		{51A4DCC6-EC14-4614-928D-6E8171F762B8}.Debug|Any CPU.ActiveCfg = Debug|Any CPU
		{51A4DCC6-EC14-4614-928D-6E8171F762B8}.Debug|Any CPU.Build.0 = Debug|Any CPU
		{51A4DCC6-EC14-4614-928D-6E8171F762B8}.Debug|x64.ActiveCfg = Debug|x64
		{51A4DCC6-EC14-4614-928D-6E8171F762B8}.Debug|x64.Build.0 = Debug|x64
		{51A4DCC6-EC14-4614-928D-6E8171F762B8}.Debug|x86.ActiveCfg = Debug|x86
		{51A4DCC6-EC14-4614-928D-6E8171F762B8}.Debug|x86.Build.0 = Debug|x86
		{51A4DCC6-EC14-4614-928D-6E8171F762B8}.Release|Any CPU.ActiveCfg = Release|Any CPU
		{51A4DCC6-EC14-4614-928D-6E8171F762B8}.Release|Any CPU.Build.0 = Release|Any CPU
		{51A4DCC6-EC14-4614-928D-6E8171F762B8}.Release|x64.ActiveCfg = Release|x64
		{51A4DCC6-EC14-4614-928D-6E8171F762B8}.Release|x64.Build.0 = Release|x64
		{51A4DCC6-EC14-4614-928D-6E8171F762B8}.Release|x86.ActiveCfg = Release|x86
		{51A4DCC6-EC14-4614-928D-6E8171F762B8}.Release|x86.Build.0 = Release|x86
		{F05923C6-D47B-4986-A39D-6C49D68BECD3}.Debug|Any CPU.ActiveCfg = Debug|Any CPU
		{F05923C6-D47B-4986-A39D-6C49D68BECD3}.Debug|Any CPU.Build.0 = Debug|Any CPU
		{F05923C6-D47B-4986-A39D-6C49D68BECD3}.Debug|x64.ActiveCfg = Debug|x64
		{F05923C6-D47B-4986-A39D-6C49D68BECD3}.Debug|x64.Build.0 = Debug|x64
		{F05923C6-D47B-4986-A39D-6C49D68BECD3}.Debug|x86.ActiveCfg = Debug|x86
		{F05923C6-D47B-4986-A39D-6C49D68BECD3}.Debug|x86.Build.0 = Debug|x86
		{F05923C6-D47B-4986-A39D-6C49D68BECD3}.Release|Any CPU.ActiveCfg = Release|Any CPU
		{F05923C6-D47B-4986-A39D-6C49D68BECD3}.Release|Any CPU.Build.0 = Release|Any CPU
		{F05923C6-D47B-4986-A39D-6C49D68BECD3}.Release|x64.ActiveCfg = Release|x64
		{F05923C6-D47B-4986-A39D-6C49D68BECD3}.Release|x64.Build.0 = Release|x64
		{F05923C6-D47B-4986-A39D-6C49D68BECD3}.Release|x86.ActiveCfg = Release|x86
		{F05923C6-D47B-4986-A39D-6C49D68BECD3}.Release|x86.Build.0 = Release|x86
	EndGlobalSection
	GlobalSection(SolutionProperties) = preSolution
		HideSolutionNode = FALSE
	EndGlobalSection
	GlobalSection(NestedProjects) = preSolution
		{65735902-6380-4575-8050-BEB9525958EA} = {170C72EE-1298-4993-9B91-708AE38F08B7}
		{D3E89CE2-8451-47A1-9E1D-8DED6BF39ED6} = {170C72EE-1298-4993-9B91-708AE38F08B7}
		{D0C03249-BD28-439F-AE7C-64E84FC79ADC} = {54620DAB-BABE-41D6-8464-2A53E11026A9}
		{1A0D25A5-12F2-42EE-A473-5A22CA701D1E} = {D0C03249-BD28-439F-AE7C-64E84FC79ADC}
		{E031B56F-F4ED-438B-AEB4-5D70D8CA1CBF} = {54620DAB-BABE-41D6-8464-2A53E11026A9}
		{34B32FD1-9515-4429-93E9-18D5A8B37EEF} = {54620DAB-BABE-41D6-8464-2A53E11026A9}
		{929C253B-4E46-434F-9E5A-9EF48DD79B55} = {54620DAB-BABE-41D6-8464-2A53E11026A9}
		{CC1CBF61-7418-41C5-A06C-BBE84A4468AB} = {929C253B-4E46-434F-9E5A-9EF48DD79B55}
		{BBDB08C8-636C-4B0C-98E3-27FB97225F16} = {929C253B-4E46-434F-9E5A-9EF48DD79B55}
		{32B54757-C363-43D2-87CB-EFC6AD79F321} = {929C253B-4E46-434F-9E5A-9EF48DD79B55}
		{69D0BD91-6FA8-4F15-94B4-869060A26025} = {E031B56F-F4ED-438B-AEB4-5D70D8CA1CBF}
		{A08846D0-D2D1-4624-87FC-9A58AE4D9B1A} = {E031B56F-F4ED-438B-AEB4-5D70D8CA1CBF}
		{51A4DCC6-EC14-4614-928D-6E8171F762B8} = {34B32FD1-9515-4429-93E9-18D5A8B37EEF}
		{F05923C6-D47B-4986-A39D-6C49D68BECD3} = {54620DAB-BABE-41D6-8464-2A53E11026A9}
	EndGlobalSection
EndGlobal
