
Microsoft Visual Studio Solution File, Format Version 12.00
# Visual Studio 15
VisualStudioVersion = 15.0.26206.0
MinimumVisualStudioVersion = 10.0.40219.1
Project("{2150E333-8FDC-42A3-9474-1A3956D46DE8}") = "Toolset", "Toolset", "{0B30A68D-D08E-4BE2-9EEF-C81A6C007C61}"
EndProject
Project("{FAE04EC0-301F-11D3-BF4B-00C04F79EFBC}") = "Ximo", "Toolset\Ximo\Ximo.csproj", "{54076092-8C35-4DBF-8765-F6FB477E0852}"
EndProject
Project("{FAE04EC0-301F-11D3-BF4B-00C04F79EFBC}") = "Ximo.Ef", "Toolset\Ximo.Ef\Ximo.Ef.csproj", "{85ECF90C-7D24-4C02-B13D-F6B7663F06A9}"
EndProject
Project("{2150E333-8FDC-42A3-9474-1A3956D46DE8}") = "Sample", "Sample", "{B5C9EED4-D4AF-4286-B20D-62FF66E2D052}"
EndProject
Project("{2150E333-8FDC-42A3-9474-1A3956D46DE8}") = "Contracts", "Contracts", "{8216F8DB-5444-47B2-88A1-79218A8569DF}"
EndProject
Project("{2150E333-8FDC-42A3-9474-1A3956D46DE8}") = "Read", "Read", "{CF7968C5-D7F3-474E-ACBC-C40300B6898F}"
EndProject
Project("{2150E333-8FDC-42A3-9474-1A3956D46DE8}") = "Write", "Write", "{0607B351-0DD1-4A38-BCE4-A66298F5EDCE}"
EndProject
Project("{2150E333-8FDC-42A3-9474-1A3956D46DE8}") = "Database", "Database", "{D135F477-9250-44DD-B21C-9F747C601FDC}"
EndProject
Project("{00D1A9C2-B5F0-4AF3-8072-F6C62B433612}") = "XimoSampleDb", "Sample\Database\XimoSampleDb.sqlproj", "{D2B99ADA-95E3-4308-8F7E-37DC02A075D3}"
EndProject
Project("{FAE04EC0-301F-11D3-BF4B-00C04F79EFBC}") = "Sample.Commands", "Sample\Contracts\Sample.Commands\Sample.Commands.csproj", "{02A4813D-4EDA-49F8-BD83-5C9E53761436}"
EndProject
Project("{FAE04EC0-301F-11D3-BF4B-00C04F79EFBC}") = "Sample.DomainEvents", "Sample\Contracts\Sample.DomainEvents\Sample.DomainEvents.csproj", "{4AB5AB29-969D-4673-B2EE-4B91E9DF7B1C}"
EndProject
Project("{FAE04EC0-301F-11D3-BF4B-00C04F79EFBC}") = "Sample.Queries", "Sample\Contracts\Sample.Queries\Sample.Queries.csproj", "{4FBF211E-91AD-441A-ABF4-21C560F20EE7}"
EndProject
Project("{FAE04EC0-301F-11D3-BF4B-00C04F79EFBC}") = "Sample.ReadModel", "Sample\Read\Sample.ReadModel\Sample.ReadModel.csproj", "{2516EF3F-5257-4ED0-872D-0C47F6678464}"
EndProject
Project("{FAE04EC0-301F-11D3-BF4B-00C04F79EFBC}") = "Sample.Domain", "Sample\Write\Sample.Domain\Sample.Domain.csproj", "{429399FC-4040-4471-BAC6-1779041E7D35}"
EndProject
Project("{FAE04EC0-301F-11D3-BF4B-00C04F79EFBC}") = "Sample.Domain.Data", "Sample\Write\Sample.Domain.Data\Sample.Domain.Data.csproj", "{1797A102-09CD-4BC9-B830-7D9AC3197958}"
EndProject
Project("{FAE04EC0-301F-11D3-BF4B-00C04F79EFBC}") = "SampleRunner", "Sample\SampleRunner\SampleRunner.csproj", "{3369B2E7-C8BA-4B04-A5F2-7F14D53DF465}"
EndProject
Global
	GlobalSection(SolutionConfigurationPlatforms) = preSolution
		Debug|Any CPU = Debug|Any CPU
		Debug|x64 = Debug|x64
		Debug|x86 = Debug|x86
		Release|Any CPU = Release|Any CPU
		Release|x64 = Release|x64
		Release|x86 = Release|x86
	EndGlobalSection
	GlobalSection(ProjectConfigurationPlatforms) = postSolution
		{54076092-8C35-4DBF-8765-F6FB477E0852}.Debug|Any CPU.ActiveCfg = Debug|Any CPU
		{54076092-8C35-4DBF-8765-F6FB477E0852}.Debug|Any CPU.Build.0 = Debug|Any CPU
		{54076092-8C35-4DBF-8765-F6FB477E0852}.Debug|x64.ActiveCfg = Debug|x64
		{54076092-8C35-4DBF-8765-F6FB477E0852}.Debug|x64.Build.0 = Debug|x64
		{54076092-8C35-4DBF-8765-F6FB477E0852}.Debug|x86.ActiveCfg = Debug|x86
		{54076092-8C35-4DBF-8765-F6FB477E0852}.Debug|x86.Build.0 = Debug|x86
		{54076092-8C35-4DBF-8765-F6FB477E0852}.Release|Any CPU.ActiveCfg = Release|Any CPU
		{54076092-8C35-4DBF-8765-F6FB477E0852}.Release|Any CPU.Build.0 = Release|Any CPU
		{54076092-8C35-4DBF-8765-F6FB477E0852}.Release|x64.ActiveCfg = Release|x64
		{54076092-8C35-4DBF-8765-F6FB477E0852}.Release|x64.Build.0 = Release|x64
		{54076092-8C35-4DBF-8765-F6FB477E0852}.Release|x86.ActiveCfg = Release|x86
		{54076092-8C35-4DBF-8765-F6FB477E0852}.Release|x86.Build.0 = Release|x86
		{85ECF90C-7D24-4C02-B13D-F6B7663F06A9}.Debug|Any CPU.ActiveCfg = Debug|Any CPU
		{85ECF90C-7D24-4C02-B13D-F6B7663F06A9}.Debug|Any CPU.Build.0 = Debug|Any CPU
		{85ECF90C-7D24-4C02-B13D-F6B7663F06A9}.Debug|x64.ActiveCfg = Debug|x64
		{85ECF90C-7D24-4C02-B13D-F6B7663F06A9}.Debug|x64.Build.0 = Debug|x64
		{85ECF90C-7D24-4C02-B13D-F6B7663F06A9}.Debug|x86.ActiveCfg = Debug|x86
		{85ECF90C-7D24-4C02-B13D-F6B7663F06A9}.Debug|x86.Build.0 = Debug|x86
		{85ECF90C-7D24-4C02-B13D-F6B7663F06A9}.Release|Any CPU.ActiveCfg = Release|Any CPU
		{85ECF90C-7D24-4C02-B13D-F6B7663F06A9}.Release|Any CPU.Build.0 = Release|Any CPU
		{85ECF90C-7D24-4C02-B13D-F6B7663F06A9}.Release|x64.ActiveCfg = Release|x64
		{85ECF90C-7D24-4C02-B13D-F6B7663F06A9}.Release|x64.Build.0 = Release|x64
		{85ECF90C-7D24-4C02-B13D-F6B7663F06A9}.Release|x86.ActiveCfg = Release|x86
		{85ECF90C-7D24-4C02-B13D-F6B7663F06A9}.Release|x86.Build.0 = Release|x86
		{D2B99ADA-95E3-4308-8F7E-37DC02A075D3}.Debug|Any CPU.ActiveCfg = Debug|Any CPU
		{D2B99ADA-95E3-4308-8F7E-37DC02A075D3}.Debug|Any CPU.Build.0 = Debug|Any CPU
		{D2B99ADA-95E3-4308-8F7E-37DC02A075D3}.Debug|Any CPU.Deploy.0 = Debug|Any CPU
		{D2B99ADA-95E3-4308-8F7E-37DC02A075D3}.Debug|x64.ActiveCfg = Debug|Any CPU
		{D2B99ADA-95E3-4308-8F7E-37DC02A075D3}.Debug|x64.Build.0 = Debug|Any CPU
		{D2B99ADA-95E3-4308-8F7E-37DC02A075D3}.Debug|x64.Deploy.0 = Debug|Any CPU
		{D2B99ADA-95E3-4308-8F7E-37DC02A075D3}.Debug|x86.ActiveCfg = Debug|Any CPU
		{D2B99ADA-95E3-4308-8F7E-37DC02A075D3}.Debug|x86.Build.0 = Debug|Any CPU
		{D2B99ADA-95E3-4308-8F7E-37DC02A075D3}.Debug|x86.Deploy.0 = Debug|Any CPU
		{D2B99ADA-95E3-4308-8F7E-37DC02A075D3}.Release|Any CPU.ActiveCfg = Release|Any CPU
		{D2B99ADA-95E3-4308-8F7E-37DC02A075D3}.Release|Any CPU.Build.0 = Release|Any CPU
		{D2B99ADA-95E3-4308-8F7E-37DC02A075D3}.Release|Any CPU.Deploy.0 = Release|Any CPU
		{D2B99ADA-95E3-4308-8F7E-37DC02A075D3}.Release|x64.ActiveCfg = Release|Any CPU
		{D2B99ADA-95E3-4308-8F7E-37DC02A075D3}.Release|x64.Build.0 = Release|Any CPU
		{D2B99ADA-95E3-4308-8F7E-37DC02A075D3}.Release|x64.Deploy.0 = Release|Any CPU
		{D2B99ADA-95E3-4308-8F7E-37DC02A075D3}.Release|x86.ActiveCfg = Release|Any CPU
		{D2B99ADA-95E3-4308-8F7E-37DC02A075D3}.Release|x86.Build.0 = Release|Any CPU
		{D2B99ADA-95E3-4308-8F7E-37DC02A075D3}.Release|x86.Deploy.0 = Release|Any CPU
		{02A4813D-4EDA-49F8-BD83-5C9E53761436}.Debug|Any CPU.ActiveCfg = Debug|Any CPU
		{02A4813D-4EDA-49F8-BD83-5C9E53761436}.Debug|Any CPU.Build.0 = Debug|Any CPU
		{02A4813D-4EDA-49F8-BD83-5C9E53761436}.Debug|x64.ActiveCfg = Debug|x64
		{02A4813D-4EDA-49F8-BD83-5C9E53761436}.Debug|x64.Build.0 = Debug|x64
		{02A4813D-4EDA-49F8-BD83-5C9E53761436}.Debug|x86.ActiveCfg = Debug|x86
		{02A4813D-4EDA-49F8-BD83-5C9E53761436}.Debug|x86.Build.0 = Debug|x86
		{02A4813D-4EDA-49F8-BD83-5C9E53761436}.Release|Any CPU.ActiveCfg = Release|Any CPU
		{02A4813D-4EDA-49F8-BD83-5C9E53761436}.Release|Any CPU.Build.0 = Release|Any CPU
		{02A4813D-4EDA-49F8-BD83-5C9E53761436}.Release|x64.ActiveCfg = Release|x64
		{02A4813D-4EDA-49F8-BD83-5C9E53761436}.Release|x64.Build.0 = Release|x64
		{02A4813D-4EDA-49F8-BD83-5C9E53761436}.Release|x86.ActiveCfg = Release|x86
		{02A4813D-4EDA-49F8-BD83-5C9E53761436}.Release|x86.Build.0 = Release|x86
		{4AB5AB29-969D-4673-B2EE-4B91E9DF7B1C}.Debug|Any CPU.ActiveCfg = Debug|Any CPU
		{4AB5AB29-969D-4673-B2EE-4B91E9DF7B1C}.Debug|Any CPU.Build.0 = Debug|Any CPU
		{4AB5AB29-969D-4673-B2EE-4B91E9DF7B1C}.Debug|x64.ActiveCfg = Debug|x64
		{4AB5AB29-969D-4673-B2EE-4B91E9DF7B1C}.Debug|x64.Build.0 = Debug|x64
		{4AB5AB29-969D-4673-B2EE-4B91E9DF7B1C}.Debug|x86.ActiveCfg = Debug|x86
		{4AB5AB29-969D-4673-B2EE-4B91E9DF7B1C}.Debug|x86.Build.0 = Debug|x86
		{4AB5AB29-969D-4673-B2EE-4B91E9DF7B1C}.Release|Any CPU.ActiveCfg = Release|Any CPU
		{4AB5AB29-969D-4673-B2EE-4B91E9DF7B1C}.Release|Any CPU.Build.0 = Release|Any CPU
		{4AB5AB29-969D-4673-B2EE-4B91E9DF7B1C}.Release|x64.ActiveCfg = Release|x64
		{4AB5AB29-969D-4673-B2EE-4B91E9DF7B1C}.Release|x64.Build.0 = Release|x64
		{4AB5AB29-969D-4673-B2EE-4B91E9DF7B1C}.Release|x86.ActiveCfg = Release|x86
		{4AB5AB29-969D-4673-B2EE-4B91E9DF7B1C}.Release|x86.Build.0 = Release|x86
		{4FBF211E-91AD-441A-ABF4-21C560F20EE7}.Debug|Any CPU.ActiveCfg = Debug|Any CPU
		{4FBF211E-91AD-441A-ABF4-21C560F20EE7}.Debug|Any CPU.Build.0 = Debug|Any CPU
		{4FBF211E-91AD-441A-ABF4-21C560F20EE7}.Debug|x64.ActiveCfg = Debug|x64
		{4FBF211E-91AD-441A-ABF4-21C560F20EE7}.Debug|x64.Build.0 = Debug|x64
		{4FBF211E-91AD-441A-ABF4-21C560F20EE7}.Debug|x86.ActiveCfg = Debug|x86
		{4FBF211E-91AD-441A-ABF4-21C560F20EE7}.Debug|x86.Build.0 = Debug|x86
		{4FBF211E-91AD-441A-ABF4-21C560F20EE7}.Release|Any CPU.ActiveCfg = Release|Any CPU
		{4FBF211E-91AD-441A-ABF4-21C560F20EE7}.Release|Any CPU.Build.0 = Release|Any CPU
		{4FBF211E-91AD-441A-ABF4-21C560F20EE7}.Release|x64.ActiveCfg = Release|x64
		{4FBF211E-91AD-441A-ABF4-21C560F20EE7}.Release|x64.Build.0 = Release|x64
		{4FBF211E-91AD-441A-ABF4-21C560F20EE7}.Release|x86.ActiveCfg = Release|x86
		{4FBF211E-91AD-441A-ABF4-21C560F20EE7}.Release|x86.Build.0 = Release|x86
		{2516EF3F-5257-4ED0-872D-0C47F6678464}.Debug|Any CPU.ActiveCfg = Debug|Any CPU
		{2516EF3F-5257-4ED0-872D-0C47F6678464}.Debug|Any CPU.Build.0 = Debug|Any CPU
		{2516EF3F-5257-4ED0-872D-0C47F6678464}.Debug|x64.ActiveCfg = Debug|x64
		{2516EF3F-5257-4ED0-872D-0C47F6678464}.Debug|x64.Build.0 = Debug|x64
		{2516EF3F-5257-4ED0-872D-0C47F6678464}.Debug|x86.ActiveCfg = Debug|x86
		{2516EF3F-5257-4ED0-872D-0C47F6678464}.Debug|x86.Build.0 = Debug|x86
		{2516EF3F-5257-4ED0-872D-0C47F6678464}.Release|Any CPU.ActiveCfg = Release|Any CPU
		{2516EF3F-5257-4ED0-872D-0C47F6678464}.Release|Any CPU.Build.0 = Release|Any CPU
		{2516EF3F-5257-4ED0-872D-0C47F6678464}.Release|x64.ActiveCfg = Release|x64
		{2516EF3F-5257-4ED0-872D-0C47F6678464}.Release|x64.Build.0 = Release|x64
		{2516EF3F-5257-4ED0-872D-0C47F6678464}.Release|x86.ActiveCfg = Release|x86
		{2516EF3F-5257-4ED0-872D-0C47F6678464}.Release|x86.Build.0 = Release|x86
		{429399FC-4040-4471-BAC6-1779041E7D35}.Debug|Any CPU.ActiveCfg = Debug|Any CPU
		{429399FC-4040-4471-BAC6-1779041E7D35}.Debug|Any CPU.Build.0 = Debug|Any CPU
		{429399FC-4040-4471-BAC6-1779041E7D35}.Debug|x64.ActiveCfg = Debug|x64
		{429399FC-4040-4471-BAC6-1779041E7D35}.Debug|x64.Build.0 = Debug|x64
		{429399FC-4040-4471-BAC6-1779041E7D35}.Debug|x86.ActiveCfg = Debug|x86
		{429399FC-4040-4471-BAC6-1779041E7D35}.Debug|x86.Build.0 = Debug|x86
		{429399FC-4040-4471-BAC6-1779041E7D35}.Release|Any CPU.ActiveCfg = Release|Any CPU
		{429399FC-4040-4471-BAC6-1779041E7D35}.Release|Any CPU.Build.0 = Release|Any CPU
		{429399FC-4040-4471-BAC6-1779041E7D35}.Release|x64.ActiveCfg = Release|x64
		{429399FC-4040-4471-BAC6-1779041E7D35}.Release|x64.Build.0 = Release|x64
		{429399FC-4040-4471-BAC6-1779041E7D35}.Release|x86.ActiveCfg = Release|x86
		{429399FC-4040-4471-BAC6-1779041E7D35}.Release|x86.Build.0 = Release|x86
		{1797A102-09CD-4BC9-B830-7D9AC3197958}.Debug|Any CPU.ActiveCfg = Debug|Any CPU
		{1797A102-09CD-4BC9-B830-7D9AC3197958}.Debug|Any CPU.Build.0 = Debug|Any CPU
		{1797A102-09CD-4BC9-B830-7D9AC3197958}.Debug|x64.ActiveCfg = Debug|x64
		{1797A102-09CD-4BC9-B830-7D9AC3197958}.Debug|x64.Build.0 = Debug|x64
		{1797A102-09CD-4BC9-B830-7D9AC3197958}.Debug|x86.ActiveCfg = Debug|x86
		{1797A102-09CD-4BC9-B830-7D9AC3197958}.Debug|x86.Build.0 = Debug|x86
		{1797A102-09CD-4BC9-B830-7D9AC3197958}.Release|Any CPU.ActiveCfg = Release|Any CPU
		{1797A102-09CD-4BC9-B830-7D9AC3197958}.Release|Any CPU.Build.0 = Release|Any CPU
		{1797A102-09CD-4BC9-B830-7D9AC3197958}.Release|x64.ActiveCfg = Release|x64
		{1797A102-09CD-4BC9-B830-7D9AC3197958}.Release|x64.Build.0 = Release|x64
		{1797A102-09CD-4BC9-B830-7D9AC3197958}.Release|x86.ActiveCfg = Release|x86
		{1797A102-09CD-4BC9-B830-7D9AC3197958}.Release|x86.Build.0 = Release|x86
		{3369B2E7-C8BA-4B04-A5F2-7F14D53DF465}.Debug|Any CPU.ActiveCfg = Debug|Any CPU
		{3369B2E7-C8BA-4B04-A5F2-7F14D53DF465}.Debug|Any CPU.Build.0 = Debug|Any CPU
		{3369B2E7-C8BA-4B04-A5F2-7F14D53DF465}.Debug|x64.ActiveCfg = Debug|x64
		{3369B2E7-C8BA-4B04-A5F2-7F14D53DF465}.Debug|x64.Build.0 = Debug|x64
		{3369B2E7-C8BA-4B04-A5F2-7F14D53DF465}.Debug|x86.ActiveCfg = Debug|x86
		{3369B2E7-C8BA-4B04-A5F2-7F14D53DF465}.Debug|x86.Build.0 = Debug|x86
		{3369B2E7-C8BA-4B04-A5F2-7F14D53DF465}.Release|Any CPU.ActiveCfg = Release|Any CPU
		{3369B2E7-C8BA-4B04-A5F2-7F14D53DF465}.Release|Any CPU.Build.0 = Release|Any CPU
		{3369B2E7-C8BA-4B04-A5F2-7F14D53DF465}.Release|x64.ActiveCfg = Release|x64
		{3369B2E7-C8BA-4B04-A5F2-7F14D53DF465}.Release|x64.Build.0 = Release|x64
		{3369B2E7-C8BA-4B04-A5F2-7F14D53DF465}.Release|x86.ActiveCfg = Release|x86
		{3369B2E7-C8BA-4B04-A5F2-7F14D53DF465}.Release|x86.Build.0 = Release|x86
	EndGlobalSection
	GlobalSection(SolutionProperties) = preSolution
		HideSolutionNode = FALSE
	EndGlobalSection
	GlobalSection(NestedProjects) = preSolution
		{54076092-8C35-4DBF-8765-F6FB477E0852} = {0B30A68D-D08E-4BE2-9EEF-C81A6C007C61}
		{85ECF90C-7D24-4C02-B13D-F6B7663F06A9} = {0B30A68D-D08E-4BE2-9EEF-C81A6C007C61}
		{8216F8DB-5444-47B2-88A1-79218A8569DF} = {B5C9EED4-D4AF-4286-B20D-62FF66E2D052}
		{CF7968C5-D7F3-474E-ACBC-C40300B6898F} = {B5C9EED4-D4AF-4286-B20D-62FF66E2D052}
		{0607B351-0DD1-4A38-BCE4-A66298F5EDCE} = {B5C9EED4-D4AF-4286-B20D-62FF66E2D052}
		{D135F477-9250-44DD-B21C-9F747C601FDC} = {B5C9EED4-D4AF-4286-B20D-62FF66E2D052}
		{D2B99ADA-95E3-4308-8F7E-37DC02A075D3} = {D135F477-9250-44DD-B21C-9F747C601FDC}
		{02A4813D-4EDA-49F8-BD83-5C9E53761436} = {8216F8DB-5444-47B2-88A1-79218A8569DF}
		{4AB5AB29-969D-4673-B2EE-4B91E9DF7B1C} = {8216F8DB-5444-47B2-88A1-79218A8569DF}
		{4FBF211E-91AD-441A-ABF4-21C560F20EE7} = {8216F8DB-5444-47B2-88A1-79218A8569DF}
		{2516EF3F-5257-4ED0-872D-0C47F6678464} = {CF7968C5-D7F3-474E-ACBC-C40300B6898F}
		{429399FC-4040-4471-BAC6-1779041E7D35} = {0607B351-0DD1-4A38-BCE4-A66298F5EDCE}
		{1797A102-09CD-4BC9-B830-7D9AC3197958} = {0607B351-0DD1-4A38-BCE4-A66298F5EDCE}
		{3369B2E7-C8BA-4B04-A5F2-7F14D53DF465} = {B5C9EED4-D4AF-4286-B20D-62FF66E2D052}
	EndGlobalSection
EndGlobal
